
Microsoft Visual Studio Solution File, Format Version 12.00
# Visual Studio Version 17
VisualStudioVersion = 17.8.34316.72
MinimumVisualStudioVersion = 10.0.40219.1
Project("{FAE04EC0-301F-11D3-BF4B-00C04F79EFBC}") = "Lab3", "Lab3\Lab3.csproj", "{43B4EE5C-26B8-4239-A7EA-5554FC10F246}"
EndProject
Global
	GlobalSection(SolutionConfigurationPlatforms) = preSolution
		Debug|Any CPU = Debug|Any CPU
		Release|Any CPU = Release|Any CPU
	EndGlobalSection
	GlobalSection(ProjectConfigurationPlatforms) = postSolution
		{43B4EE5C-26B8-4239-A7EA-5554FC10F246}.Debug|Any CPU.ActiveCfg = Debug|Any CPU
		{43B4EE5C-26B8-4239-A7EA-5554FC10F246}.Debug|Any CPU.Build.0 = Debug|Any CPU
		{43B4EE5C-26B8-4239-A7EA-5554FC10F246}.Release|Any CPU.ActiveCfg = Release|Any CPU
		{43B4EE5C-26B8-4239-A7EA-5554FC10F246}.Release|Any CPU.Build.0 = Release|Any CPU
	EndGlobalSection
	GlobalSection(SolutionProperties) = preSolution
		HideSolutionNode = FALSE
	EndGlobalSection
	GlobalSection(ExtensibilityGlobals) = postSolution
		SolutionGuid = {6B1DD954-6322-431E-9171-FB74C6569002}
	EndGlobalSection
EndGlobal
